
Microsoft Visual Studio Solution File, Format Version 12.00
# Visual Studio Version 17
VisualStudioVersion = 17.7.34221.43
MinimumVisualStudioVersion = 10.0.40219.1
Project("{9A19103F-16F7-4668-BE54-9A1E7A4F7556}") = "serpapi_test_web", "serpapi_test_web\serpapi_test_web.csproj", "{385D8AF9-A313-497B-BF82-32958C7EE60A}"
EndProject
Global
	GlobalSection(SolutionConfigurationPlatforms) = preSolution
		Debug|Any CPU = Debug|Any CPU
		Release|Any CPU = Release|Any CPU
	EndGlobalSection
	GlobalSection(ProjectConfigurationPlatforms) = postSolution
		{385D8AF9-A313-497B-BF82-32958C7EE60A}.Debug|Any CPU.ActiveCfg = Debug|Any CPU
		{385D8AF9-A313-497B-BF82-32958C7EE60A}.Debug|Any CPU.Build.0 = Debug|Any CPU
		{385D8AF9-A313-497B-BF82-32958C7EE60A}.Release|Any CPU.ActiveCfg = Release|Any CPU
		{385D8AF9-A313-497B-BF82-32958C7EE60A}.Release|Any CPU.Build.0 = Release|Any CPU
	EndGlobalSection
	GlobalSection(SolutionProperties) = preSolution
		HideSolutionNode = FALSE
	EndGlobalSection
	GlobalSection(ExtensibilityGlobals) = postSolution
		SolutionGuid = {915F8A1D-9046-4954-96E7-EBC3747E5C2E}
	EndGlobalSection
EndGlobal
